
Microsoft Visual Studio Solution File, Format Version 11.00
# Visual Studio 2010
Project("{FAE04EC0-301F-11D3-BF4B-00C04F79EFBC}") = "HotFix", "HotFix.csproj", "{723eb823-e755-a4c7-402c-620fb85b3e03}"
EndProject
Project("{FAE04EC0-301F-11D3-BF4B-00C04F79EFBC}") = "Assembly-CSharp", "Assembly-CSharp.csproj", "{710dd6b1-076f-a0a6-b2d2-3327909400be}"
EndProject
Project("{FAE04EC0-301F-11D3-BF4B-00C04F79EFBC}") = "YooAsset", "YooAsset.csproj", "{7214cb24-1dcf-b8c6-757c-843cf37a554a}"
EndProject
Project("{FAE04EC0-301F-11D3-BF4B-00C04F79EFBC}") = "Joystick", "Joystick.csproj", "{25876fe8-6eed-d03b-c384-0f4fa9aefb00}"
EndProject
Project("{FAE04EC0-301F-11D3-BF4B-00C04F79EFBC}") = "UniFramework", "UniFramework.csproj", "{55e14297-cb13-6d50-11f3-593bd3e441b0}"
EndProject
Project("{FAE04EC0-301F-11D3-BF4B-00C04F79EFBC}") = "BetterStreaming", "BetterStreaming.csproj", "{cfbcf696-5e35-04cf-8785-d3fe16963837}"
EndProject
Project("{FAE04EC0-301F-11D3-BF4B-00C04F79EFBC}") = "Extension", "Extension.csproj", "{f93bdda6-54d6-66a8-636d-72e0f85ff315}"
EndProject
Project("{FAE04EC0-301F-11D3-BF4B-00C04F79EFBC}") = "AimingRig", "AimingRig.csproj", "{f4cc7004-5c75-8f1a-0b2a-a56104a87481}"
EndProject
Project("{FAE04EC0-301F-11D3-BF4B-00C04F79EFBC}") = "YooAsset.Editor", "YooAsset.Editor.csproj", "{769b8ce4-54ca-d3de-7dea-f719ebac80bd}"
EndProject
Project("{FAE04EC0-301F-11D3-BF4B-00C04F79EFBC}") = "Assembly-CSharp-Editor", "Assembly-CSharp-Editor.csproj", "{19a6a5e5-ff43-2b02-10f6-85b2552220ae}"
EndProject
Global
	GlobalSection(SolutionConfigurationPlatforms) = preSolution
		Debug|Any CPU = Debug|Any CPU
	EndGlobalSection
	GlobalSection(ProjectConfigurationPlatforms) = postSolution
		{723eb823-e755-a4c7-402c-620fb85b3e03}.Debug|Any CPU.ActiveCfg = Debug|Any CPU
		{723eb823-e755-a4c7-402c-620fb85b3e03}.Debug|Any CPU.Build.0 = Debug|Any CPU
		{710dd6b1-076f-a0a6-b2d2-3327909400be}.Debug|Any CPU.ActiveCfg = Debug|Any CPU
		{710dd6b1-076f-a0a6-b2d2-3327909400be}.Debug|Any CPU.Build.0 = Debug|Any CPU
		{7214cb24-1dcf-b8c6-757c-843cf37a554a}.Debug|Any CPU.ActiveCfg = Debug|Any CPU
		{7214cb24-1dcf-b8c6-757c-843cf37a554a}.Debug|Any CPU.Build.0 = Debug|Any CPU
		{25876fe8-6eed-d03b-c384-0f4fa9aefb00}.Debug|Any CPU.ActiveCfg = Debug|Any CPU
		{25876fe8-6eed-d03b-c384-0f4fa9aefb00}.Debug|Any CPU.Build.0 = Debug|Any CPU
		{55e14297-cb13-6d50-11f3-593bd3e441b0}.Debug|Any CPU.ActiveCfg = Debug|Any CPU
		{55e14297-cb13-6d50-11f3-593bd3e441b0}.Debug|Any CPU.Build.0 = Debug|Any CPU
		{cfbcf696-5e35-04cf-8785-d3fe16963837}.Debug|Any CPU.ActiveCfg = Debug|Any CPU
		{cfbcf696-5e35-04cf-8785-d3fe16963837}.Debug|Any CPU.Build.0 = Debug|Any CPU
		{f93bdda6-54d6-66a8-636d-72e0f85ff315}.Debug|Any CPU.ActiveCfg = Debug|Any CPU
		{f93bdda6-54d6-66a8-636d-72e0f85ff315}.Debug|Any CPU.Build.0 = Debug|Any CPU
		{f4cc7004-5c75-8f1a-0b2a-a56104a87481}.Debug|Any CPU.ActiveCfg = Debug|Any CPU
		{f4cc7004-5c75-8f1a-0b2a-a56104a87481}.Debug|Any CPU.Build.0 = Debug|Any CPU
		{769b8ce4-54ca-d3de-7dea-f719ebac80bd}.Debug|Any CPU.ActiveCfg = Debug|Any CPU
		{769b8ce4-54ca-d3de-7dea-f719ebac80bd}.Debug|Any CPU.Build.0 = Debug|Any CPU
		{19a6a5e5-ff43-2b02-10f6-85b2552220ae}.Debug|Any CPU.ActiveCfg = Debug|Any CPU
		{19a6a5e5-ff43-2b02-10f6-85b2552220ae}.Debug|Any CPU.Build.0 = Debug|Any CPU
	EndGlobalSection
	GlobalSection(SolutionProperties) = preSolution
		HideSolutionNode = FALSE
	EndGlobalSection
EndGlobal
